// !$*UTF8*$!
{
	archiveVersion = 1;
	classes = {
	};
	objectVersion = 56;
	objects = {

/* Begin PBXBuildFile section */
		1591D27F29109E960001811D /* MonsterMakerApp.swift in Sources */ = {isa = PBXBuildFile; fileRef = 1591D27E29109E960001811D /* MonsterMakerApp.swift */; };
		1591D28129109E960001811D /* WelcomePage.swift in Sources */ = {isa = PBXBuildFile; fileRef = 1591D28029109E960001811D /* WelcomePage.swift */; };
		1591D28329109E970001811D /* Assets.xcassets in Resources */ = {isa = PBXBuildFile; fileRef = 1591D28229109E970001811D /* Assets.xcassets */; };
		1591D28729109E970001811D /* Preview Assets.xcassets in Resources */ = {isa = PBXBuildFile; fileRef = 1591D28629109E970001811D /* Preview Assets.xcassets */; };
		1591D2952910CB8F0001811D /* Montserrat-SemiBold.ttf in Resources */ = {isa = PBXBuildFile; fileRef = 1591D28F2910CB8F0001811D /* Montserrat-SemiBold.ttf */; };
		1591D2962910CB8F0001811D /* Montserrat-Regular.ttf in Resources */ = {isa = PBXBuildFile; fileRef = 1591D2902910CB8F0001811D /* Montserrat-Regular.ttf */; };
		1591D2972910CB8F0001811D /* Montserrat-Bold.ttf in Resources */ = {isa = PBXBuildFile; fileRef = 1591D2912910CB8F0001811D /* Montserrat-Bold.ttf */; };
		1591D2982910CB8F0001811D /* Montserrat-Light.ttf in Resources */ = {isa = PBXBuildFile; fileRef = 1591D2922910CB8F0001811D /* Montserrat-Light.ttf */; };
		1591D2992910CB8F0001811D /* Montserrat-Black.ttf in Resources */ = {isa = PBXBuildFile; fileRef = 1591D2932910CB8F0001811D /* Montserrat-Black.ttf */; };
		1591D29A2910CB8F0001811D /* Montserrat-Thin.ttf in Resources */ = {isa = PBXBuildFile; fileRef = 1591D2942910CB8F0001811D /* Montserrat-Thin.ttf */; };
		1591D29D2910CD100001811D /* Style.swift in Sources */ = {isa = PBXBuildFile; fileRef = 1591D29C2910CD100001811D /* Style.swift */; };
		1591D29F2910D15B0001811D /* MakerPage.swift in Sources */ = {isa = PBXBuildFile; fileRef = 1591D29E2910D15B0001811D /* MakerPage.swift */; };
		1591D2A32910D1CE0001811D /* ComponentView.swift in Sources */ = {isa = PBXBuildFile; fileRef = 1591D2A22910D1CE0001811D /* ComponentView.swift */; };
		1591D2A52910D7840001811D /* MainTabPage.swift in Sources */ = {isa = PBXBuildFile; fileRef = 1591D2A42910D7840001811D /* MainTabPage.swift */; };
		1591D2A72910DCC90001811D /* TabBarView.swift in Sources */ = {isa = PBXBuildFile; fileRef = 1591D2A62910DCC90001811D /* TabBarView.swift */; };
		1591D2A92910E4900001811D /* PrimaryButtonView.swift in Sources */ = {isa = PBXBuildFile; fileRef = 1591D2A82910E4900001811D /* PrimaryButtonView.swift */; };
/* End PBXBuildFile section */

/* Begin PBXFileReference section */
		1591D27B29109E960001811D /* MonsterMaker.app */ = {isa = PBXFileReference; explicitFileType = wrapper.application; includeInIndex = 0; path = MonsterMaker.app; sourceTree = BUILT_PRODUCTS_DIR; };
		1591D27E29109E960001811D /* MonsterMakerApp.swift */ = {isa = PBXFileReference; lastKnownFileType = sourcecode.swift; path = MonsterMakerApp.swift; sourceTree = "<group>"; };
		1591D28029109E960001811D /* WelcomePage.swift */ = {isa = PBXFileReference; lastKnownFileType = sourcecode.swift; path = WelcomePage.swift; sourceTree = "<group>"; };
		1591D28229109E970001811D /* Assets.xcassets */ = {isa = PBXFileReference; lastKnownFileType = folder.assetcatalog; path = Assets.xcassets; sourceTree = "<group>"; };
		1591D28429109E970001811D /* MonsterMaker.entitlements */ = {isa = PBXFileReference; lastKnownFileType = text.plist.entitlements; path = MonsterMaker.entitlements; sourceTree = "<group>"; };
		1591D28629109E970001811D /* Preview Assets.xcassets */ = {isa = PBXFileReference; lastKnownFileType = folder.assetcatalog; path = "Preview Assets.xcassets"; sourceTree = "<group>"; };
		1591D28F2910CB8F0001811D /* Montserrat-SemiBold.ttf */ = {isa = PBXFileReference; lastKnownFileType = file; path = "Montserrat-SemiBold.ttf"; sourceTree = "<group>"; };
		1591D2902910CB8F0001811D /* Montserrat-Regular.ttf */ = {isa = PBXFileReference; lastKnownFileType = file; path = "Montserrat-Regular.ttf"; sourceTree = "<group>"; };
		1591D2912910CB8F0001811D /* Montserrat-Bold.ttf */ = {isa = PBXFileReference; lastKnownFileType = file; path = "Montserrat-Bold.ttf"; sourceTree = "<group>"; };
		1591D2922910CB8F0001811D /* Montserrat-Light.ttf */ = {isa = PBXFileReference; lastKnownFileType = file; path = "Montserrat-Light.ttf"; sourceTree = "<group>"; };
		1591D2932910CB8F0001811D /* Montserrat-Black.ttf */ = {isa = PBXFileReference; lastKnownFileType = file; path = "Montserrat-Black.ttf"; sourceTree = "<group>"; };
		1591D2942910CB8F0001811D /* Montserrat-Thin.ttf */ = {isa = PBXFileReference; lastKnownFileType = file; path = "Montserrat-Thin.ttf"; sourceTree = "<group>"; };
		1591D29B2910CBBE0001811D /* Info.plist */ = {isa = PBXFileReference; lastKnownFileType = text.plist; path = Info.plist; sourceTree = "<group>"; };
		1591D29C2910CD100001811D /* Style.swift */ = {isa = PBXFileReference; lastKnownFileType = sourcecode.swift; path = Style.swift; sourceTree = "<group>"; };
		1591D29E2910D15B0001811D /* MakerPage.swift */ = {isa = PBXFileReference; lastKnownFileType = sourcecode.swift; path = MakerPage.swift; sourceTree = "<group>"; };
		1591D2A22910D1CE0001811D /* ComponentView.swift */ = {isa = PBXFileReference; lastKnownFileType = sourcecode.swift; path = ComponentView.swift; sourceTree = "<group>"; };
		1591D2A42910D7840001811D /* MainTabPage.swift */ = {isa = PBXFileReference; lastKnownFileType = sourcecode.swift; path = MainTabPage.swift; sourceTree = "<group>"; };
		1591D2A62910DCC90001811D /* TabBarView.swift */ = {isa = PBXFileReference; lastKnownFileType = sourcecode.swift; path = TabBarView.swift; sourceTree = "<group>"; };
		1591D2A82910E4900001811D /* PrimaryButtonView.swift */ = {isa = PBXFileReference; lastKnownFileType = sourcecode.swift; path = PrimaryButtonView.swift; sourceTree = "<group>"; };
/* End PBXFileReference section */

/* Begin PBXFrameworksBuildPhase section */
		1591D27829109E960001811D /* Frameworks */ = {
			isa = PBXFrameworksBuildPhase;
			buildActionMask = 2147483647;
			files = (
			);
			runOnlyForDeploymentPostprocessing = 0;
		};
/* End PBXFrameworksBuildPhase section */

/* Begin PBXGroup section */
		1591D27229109E960001811D = {
			isa = PBXGroup;
			children = (
				1591D27D29109E960001811D /* MonsterMaker */,
				1591D27C29109E960001811D /* Products */,
			);
			sourceTree = "<group>";
		};
		1591D27C29109E960001811D /* Products */ = {
			isa = PBXGroup;
			children = (
				1591D27B29109E960001811D /* MonsterMaker.app */,
			);
			name = Products;
			sourceTree = "<group>";
		};
		1591D27D29109E960001811D /* MonsterMaker */ = {
			isa = PBXGroup;
			children = (
				1591D29B2910CBBE0001811D /* Info.plist */,
				1591D28D2910CB590001811D /* Resources */,
				1591D27E29109E960001811D /* MonsterMakerApp.swift */,
				1591D29C2910CD100001811D /* Style.swift */,
				1591D28229109E970001811D /* Assets.xcassets */,
				1591D28429109E970001811D /* MonsterMaker.entitlements */,
				1591D28529109E970001811D /* Preview Content */,
			);
			path = MonsterMaker;
			sourceTree = "<group>";
		};
		1591D28529109E970001811D /* Preview Content */ = {
			isa = PBXGroup;
			children = (
				1591D28629109E970001811D /* Preview Assets.xcassets */,
			);
			path = "Preview Content";
			sourceTree = "<group>";
		};
		1591D28D2910CB590001811D /* Resources */ = {
			isa = PBXGroup;
			children = (
				1591D2A02910D16E0001811D /* Page */,
				1591D28E2910CB670001811D /* Font */,
			);
			path = Resources;
			sourceTree = "<group>";
		};
		1591D28E2910CB670001811D /* Font */ = {
			isa = PBXGroup;
			children = (
				1591D2932910CB8F0001811D /* Montserrat-Black.ttf */,
				1591D2912910CB8F0001811D /* Montserrat-Bold.ttf */,
				1591D2922910CB8F0001811D /* Montserrat-Light.ttf */,
				1591D2902910CB8F0001811D /* Montserrat-Regular.ttf */,
				1591D28F2910CB8F0001811D /* Montserrat-SemiBold.ttf */,
				1591D2942910CB8F0001811D /* Montserrat-Thin.ttf */,
			);
			path = Font;
			sourceTree = "<group>";
		};
		1591D2A02910D16E0001811D /* Page */ = {
			isa = PBXGroup;
			children = (
				1591D2A12910D1BC0001811D /* View */,
				1591D29E2910D15B0001811D /* MakerPage.swift */,
				1591D28029109E960001811D /* WelcomePage.swift */,
				1591D2A42910D7840001811D /* MainTabPage.swift */,
			);
			path = Page;
			sourceTree = "<group>";
		};
		1591D2A12910D1BC0001811D /* View */ = {
			isa = PBXGroup;
			children = (
				1591D2A22910D1CE0001811D /* ComponentView.swift */,
				1591D2A62910DCC90001811D /* TabBarView.swift */,
				1591D2A82910E4900001811D /* PrimaryButtonView.swift */,
			);
			path = View;
			sourceTree = "<group>";
		};
/* End PBXGroup section */

/* Begin PBXNativeTarget section */
		1591D27A29109E960001811D /* MonsterMaker */ = {
			isa = PBXNativeTarget;
			buildConfigurationList = 1591D28A29109E970001811D /* Build configuration list for PBXNativeTarget "MonsterMaker" */;
			buildPhases = (
				1591D27729109E960001811D /* Sources */,
				1591D27829109E960001811D /* Frameworks */,
				1591D27929109E960001811D /* Resources */,
			);
			buildRules = (
			);
			dependencies = (
			);
			name = MonsterMaker;
			productName = MonsterMaker;
			productReference = 1591D27B29109E960001811D /* MonsterMaker.app */;
			productType = "com.apple.product-type.application";
		};
/* End PBXNativeTarget section */

/* Begin PBXProject section */
		1591D27329109E960001811D /* Project object */ = {
			isa = PBXProject;
			attributes = {
				BuildIndependentTargetsInParallel = 1;
				LastSwiftUpdateCheck = 1400;
				LastUpgradeCheck = 1400;
				TargetAttributes = {
					1591D27A29109E960001811D = {
						CreatedOnToolsVersion = 14.0.1;
					};
				};
			};
			buildConfigurationList = 1591D27629109E960001811D /* Build configuration list for PBXProject "MonsterMaker" */;
			compatibilityVersion = "Xcode 14.0";
			developmentRegion = en;
			hasScannedForEncodings = 0;
			knownRegions = (
				en,
				Base,
			);
			mainGroup = 1591D27229109E960001811D;
			productRefGroup = 1591D27C29109E960001811D /* Products */;
			projectDirPath = "";
			projectRoot = "";
			targets = (
				1591D27A29109E960001811D /* MonsterMaker */,
			);
		};
/* End PBXProject section */

/* Begin PBXResourcesBuildPhase section */
		1591D27929109E960001811D /* Resources */ = {
			isa = PBXResourcesBuildPhase;
			buildActionMask = 2147483647;
			files = (
				1591D2982910CB8F0001811D /* Montserrat-Light.ttf in Resources */,
				1591D2992910CB8F0001811D /* Montserrat-Black.ttf in Resources */,
				1591D2972910CB8F0001811D /* Montserrat-Bold.ttf in Resources */,
				1591D2962910CB8F0001811D /* Montserrat-Regular.ttf in Resources */,
				1591D2952910CB8F0001811D /* Montserrat-SemiBold.ttf in Resources */,
				1591D28729109E970001811D /* Preview Assets.xcassets in Resources */,
				1591D29A2910CB8F0001811D /* Montserrat-Thin.ttf in Resources */,
				1591D28329109E970001811D /* Assets.xcassets in Resources */,
			);
			runOnlyForDeploymentPostprocessing = 0;
		};
/* End PBXResourcesBuildPhase section */

/* Begin PBXSourcesBuildPhase section */
		1591D27729109E960001811D /* Sources */ = {
			isa = PBXSourcesBuildPhase;
			buildActionMask = 2147483647;
			files = (
				1591D28129109E960001811D /* WelcomePage.swift in Sources */,
				1591D2A32910D1CE0001811D /* ComponentView.swift in Sources */,
				1591D2A72910DCC90001811D /* TabBarView.swift in Sources */,
				1591D29F2910D15B0001811D /* MakerPage.swift in Sources */,
				1591D2A52910D7840001811D /* MainTabPage.swift in Sources */,
				1591D2A92910E4900001811D /* PrimaryButtonView.swift in Sources */,
				1591D29D2910CD100001811D /* Style.swift in Sources */,
				1591D27F29109E960001811D /* MonsterMakerApp.swift in Sources */,
			);
			runOnlyForDeploymentPostprocessing = 0;
		};
/* End PBXSourcesBuildPhase section */

/* Begin XCBuildConfiguration section */
		1591D28829109E970001811D /* Debug */ = {
			isa = XCBuildConfiguration;
			buildSettings = {
				ALWAYS_SEARCH_USER_PATHS = NO;
				CLANG_ANALYZER_NONNULL = YES;
				CLANG_ANALYZER_NUMBER_OBJECT_CONVERSION = YES_AGGRESSIVE;
				CLANG_CXX_LANGUAGE_STANDARD = "gnu++20";
				CLANG_ENABLE_MODULES = YES;
				CLANG_ENABLE_OBJC_ARC = YES;
				CLANG_ENABLE_OBJC_WEAK = YES;
				CLANG_WARN_BLOCK_CAPTURE_AUTORELEASING = YES;
				CLANG_WARN_BOOL_CONVERSION = YES;
				CLANG_WARN_COMMA = YES;
				CLANG_WARN_CONSTANT_CONVERSION = YES;
				CLANG_WARN_DEPRECATED_OBJC_IMPLEMENTATIONS = YES;
				CLANG_WARN_DIRECT_OBJC_ISA_USAGE = YES_ERROR;
				CLANG_WARN_DOCUMENTATION_COMMENTS = YES;
				CLANG_WARN_EMPTY_BODY = YES;
				CLANG_WARN_ENUM_CONVERSION = YES;
				CLANG_WARN_INFINITE_RECURSION = YES;
				CLANG_WARN_INT_CONVERSION = YES;
				CLANG_WARN_NON_LITERAL_NULL_CONVERSION = YES;
				CLANG_WARN_OBJC_IMPLICIT_RETAIN_SELF = YES;
				CLANG_WARN_OBJC_LITERAL_CONVERSION = YES;
				CLANG_WARN_OBJC_ROOT_CLASS = YES_ERROR;
				CLANG_WARN_QUOTED_INCLUDE_IN_FRAMEWORK_HEADER = YES;
				CLANG_WARN_RANGE_LOOP_ANALYSIS = YES;
				CLANG_WARN_STRICT_PROTOTYPES = YES;
				CLANG_WARN_SUSPICIOUS_MOVE = YES;
				CLANG_WARN_UNGUARDED_AVAILABILITY = YES_AGGRESSIVE;
				CLANG_WARN_UNREACHABLE_CODE = YES;
				CLANG_WARN__DUPLICATE_METHOD_MATCH = YES;
				COPY_PHASE_STRIP = NO;
				DEBUG_INFORMATION_FORMAT = dwarf;
				ENABLE_STRICT_OBJC_MSGSEND = YES;
				ENABLE_TESTABILITY = YES;
				GCC_C_LANGUAGE_STANDARD = gnu11;
				GCC_DYNAMIC_NO_PIC = NO;
				GCC_NO_COMMON_BLOCKS = YES;
				GCC_OPTIMIZATION_LEVEL = 0;
				GCC_PREPROCESSOR_DEFINITIONS = (
					"DEBUG=1",
					"$(inherited)",
				);
				GCC_WARN_64_TO_32_BIT_CONVERSION = YES;
				GCC_WARN_ABOUT_RETURN_TYPE = YES_ERROR;
				GCC_WARN_UNDECLARED_SELECTOR = YES;
				GCC_WARN_UNINITIALIZED_AUTOS = YES_AGGRESSIVE;
				GCC_WARN_UNUSED_FUNCTION = YES;
				GCC_WARN_UNUSED_VARIABLE = YES;
				IPHONEOS_DEPLOYMENT_TARGET = 15.0;
				MTL_ENABLE_DEBUG_INFO = INCLUDE_SOURCE;
				MTL_FAST_MATH = YES;
				ONLY_ACTIVE_ARCH = YES;
				SWIFT_ACTIVE_COMPILATION_CONDITIONS = DEBUG;
				SWIFT_OPTIMIZATION_LEVEL = "-Onone";
			};
			name = Debug;
		};
		1591D28929109E970001811D /* Release */ = {
			isa = XCBuildConfiguration;
			buildSettings = {
				ALWAYS_SEARCH_USER_PATHS = NO;
				CLANG_ANALYZER_NONNULL = YES;
				CLANG_ANALYZER_NUMBER_OBJECT_CONVERSION = YES_AGGRESSIVE;
				CLANG_CXX_LANGUAGE_STANDARD = "gnu++20";
				CLANG_ENABLE_MODULES = YES;
				CLANG_ENABLE_OBJC_ARC = YES;
				CLANG_ENABLE_OBJC_WEAK = YES;
				CLANG_WARN_BLOCK_CAPTURE_AUTORELEASING = YES;
				CLANG_WARN_BOOL_CONVERSION = YES;
				CLANG_WARN_COMMA = YES;
				CLANG_WARN_CONSTANT_CONVERSION = YES;
				CLANG_WARN_DEPRECATED_OBJC_IMPLEMENTATIONS = YES;
				CLANG_WARN_DIRECT_OBJC_ISA_USAGE = YES_ERROR;
				CLANG_WARN_DOCUMENTATION_COMMENTS = YES;
				CLANG_WARN_EMPTY_BODY = YES;
				CLANG_WARN_ENUM_CONVERSION = YES;
				CLANG_WARN_INFINITE_RECURSION = YES;
				CLANG_WARN_INT_CONVERSION = YES;
				CLANG_WARN_NON_LITERAL_NULL_CONVERSION = YES;
				CLANG_WARN_OBJC_IMPLICIT_RETAIN_SELF = YES;
				CLANG_WARN_OBJC_LITERAL_CONVERSION = YES;
				CLANG_WARN_OBJC_ROOT_CLASS = YES_ERROR;
				CLANG_WARN_QUOTED_INCLUDE_IN_FRAMEWORK_HEADER = YES;
				CLANG_WARN_RANGE_LOOP_ANALYSIS = YES;
				CLANG_WARN_STRICT_PROTOTYPES = YES;
				CLANG_WARN_SUSPICIOUS_MOVE = YES;
				CLANG_WARN_UNGUARDED_AVAILABILITY = YES_AGGRESSIVE;
				CLANG_WARN_UNREACHABLE_CODE = YES;
				CLANG_WARN__DUPLICATE_METHOD_MATCH = YES;
				COPY_PHASE_STRIP = NO;
				DEBUG_INFORMATION_FORMAT = "dwarf-with-dsym";
				ENABLE_NS_ASSERTIONS = NO;
				ENABLE_STRICT_OBJC_MSGSEND = YES;
				GCC_C_LANGUAGE_STANDARD = gnu11;
				GCC_NO_COMMON_BLOCKS = YES;
				GCC_WARN_64_TO_32_BIT_CONVERSION = YES;
				GCC_WARN_ABOUT_RETURN_TYPE = YES_ERROR;
				GCC_WARN_UNDECLARED_SELECTOR = YES;
				GCC_WARN_UNINITIALIZED_AUTOS = YES_AGGRESSIVE;
				GCC_WARN_UNUSED_FUNCTION = YES;
				GCC_WARN_UNUSED_VARIABLE = YES;
				IPHONEOS_DEPLOYMENT_TARGET = 15.0;
				MTL_ENABLE_DEBUG_INFO = NO;
				MTL_FAST_MATH = YES;
				SWIFT_COMPILATION_MODE = wholemodule;
				SWIFT_OPTIMIZATION_LEVEL = "-O";
			};
			name = Release;
		};
		1591D28B29109E970001811D /* Debug */ = {
			isa = XCBuildConfiguration;
			buildSettings = {
				ASSETCATALOG_COMPILER_APPICON_NAME = AppIcon;
				ASSETCATALOG_COMPILER_GLOBAL_ACCENT_COLOR_NAME = AccentColor;
				CODE_SIGN_ENTITLEMENTS = MonsterMaker/MonsterMaker.entitlements;
				CODE_SIGN_STYLE = Automatic;
				CURRENT_PROJECT_VERSION = 1;
				DEVELOPMENT_ASSET_PATHS = "\"MonsterMaker/Preview Content\"";
				DEVELOPMENT_TEAM = MGCLCSUVY9;
				ENABLE_HARDENED_RUNTIME = YES;
				ENABLE_PREVIEWS = YES;
				GENERATE_INFOPLIST_FILE = YES;
				INFOPLIST_FILE = MonsterMaker/Info.plist;
				INFOPLIST_KEY_CFBundleDisplayName = Monster;
				"INFOPLIST_KEY_UIApplicationSceneManifest_Generation[sdk=iphoneos*]" = YES;
				"INFOPLIST_KEY_UIApplicationSceneManifest_Generation[sdk=iphonesimulator*]" = YES;
				"INFOPLIST_KEY_UIApplicationSupportsIndirectInputEvents[sdk=iphoneos*]" = YES;
				"INFOPLIST_KEY_UIApplicationSupportsIndirectInputEvents[sdk=iphonesimulator*]" = YES;
				"INFOPLIST_KEY_UILaunchScreen_Generation[sdk=iphoneos*]" = YES;
				"INFOPLIST_KEY_UILaunchScreen_Generation[sdk=iphonesimulator*]" = YES;
				"INFOPLIST_KEY_UIStatusBarStyle[sdk=iphoneos*]" = UIStatusBarStyleDefault;
				"INFOPLIST_KEY_UIStatusBarStyle[sdk=iphonesimulator*]" = UIStatusBarStyleDefault;
				INFOPLIST_KEY_UISupportedInterfaceOrientations = UIInterfaceOrientationPortrait;
				IPHONEOS_DEPLOYMENT_TARGET = 15.0;
				LD_RUNPATH_SEARCH_PATHS = "@executable_path/Frameworks";
				"LD_RUNPATH_SEARCH_PATHS[sdk=macosx*]" = "@executable_path/../Frameworks";
				MACOSX_DEPLOYMENT_TARGET = 12.3;
				MARKETING_VERSION = 1.0;
				PRODUCT_BUNDLE_IDENTIFIER = com.dapperlabs.MonsterMaker;
				PRODUCT_NAME = "$(TARGET_NAME)";
				SDKROOT = auto;
				SUPPORTED_PLATFORMS = "iphoneos iphonesimulator";
				SUPPORTS_MACCATALYST = NO;
				SUPPORTS_MAC_DESIGNED_FOR_IPHONE_IPAD = NO;
				SWIFT_EMIT_LOC_STRINGS = YES;
				SWIFT_VERSION = 5.0;
				TARGETED_DEVICE_FAMILY = 1;
			};
			name = Debug;
		};
		1591D28C29109E970001811D /* Release */ = {
			isa = XCBuildConfiguration;
			buildSettings = {
				ASSETCATALOG_COMPILER_APPICON_NAME = AppIcon;
				ASSETCATALOG_COMPILER_GLOBAL_ACCENT_COLOR_NAME = AccentColor;
				CODE_SIGN_ENTITLEMENTS = MonsterMaker/MonsterMaker.entitlements;
				CODE_SIGN_STYLE = Automatic;
				CURRENT_PROJECT_VERSION = 1;
				DEVELOPMENT_ASSET_PATHS = "\"MonsterMaker/Preview Content\"";
				DEVELOPMENT_TEAM = MGCLCSUVY9;
				ENABLE_HARDENED_RUNTIME = YES;
				ENABLE_PREVIEWS = YES;
				GENERATE_INFOPLIST_FILE = YES;
				INFOPLIST_FILE = MonsterMaker/Info.plist;
				INFOPLIST_KEY_CFBundleDisplayName = Monster;
				"INFOPLIST_KEY_UIApplicationSceneManifest_Generation[sdk=iphoneos*]" = YES;
				"INFOPLIST_KEY_UIApplicationSceneManifest_Generation[sdk=iphonesimulator*]" = YES;
				"INFOPLIST_KEY_UIApplicationSupportsIndirectInputEvents[sdk=iphoneos*]" = YES;
				"INFOPLIST_KEY_UIApplicationSupportsIndirectInputEvents[sdk=iphonesimulator*]" = YES;
				"INFOPLIST_KEY_UILaunchScreen_Generation[sdk=iphoneos*]" = YES;
				"INFOPLIST_KEY_UILaunchScreen_Generation[sdk=iphonesimulator*]" = YES;
				"INFOPLIST_KEY_UIStatusBarStyle[sdk=iphoneos*]" = UIStatusBarStyleDefault;
				"INFOPLIST_KEY_UIStatusBarStyle[sdk=iphonesimulator*]" = UIStatusBarStyleDefault;
				INFOPLIST_KEY_UISupportedInterfaceOrientations = UIInterfaceOrientationPortrait;
				IPHONEOS_DEPLOYMENT_TARGET = 15.0;
				LD_RUNPATH_SEARCH_PATHS = "@executable_path/Frameworks";
				"LD_RUNPATH_SEARCH_PATHS[sdk=macosx*]" = "@executable_path/../Frameworks";
				MACOSX_DEPLOYMENT_TARGET = 12.3;
				MARKETING_VERSION = 1.0;
				PRODUCT_BUNDLE_IDENTIFIER = com.dapperlabs.MonsterMaker;
				PRODUCT_NAME = "$(TARGET_NAME)";
				SDKROOT = auto;
				SUPPORTED_PLATFORMS = "iphoneos iphonesimulator";
				SUPPORTS_MACCATALYST = NO;
				SUPPORTS_MAC_DESIGNED_FOR_IPHONE_IPAD = NO;
				SWIFT_EMIT_LOC_STRINGS = YES;
				SWIFT_VERSION = 5.0;
				TARGETED_DEVICE_FAMILY = 1;
			};
			name = Release;
		};
/* End XCBuildConfiguration section */

/* Begin XCConfigurationList section */
		1591D27629109E960001811D /* Build configuration list for PBXProject "MonsterMaker" */ = {
			isa = XCConfigurationList;
			buildConfigurations = (
				1591D28829109E970001811D /* Debug */,
				1591D28929109E970001811D /* Release */,
			);
			defaultConfigurationIsVisible = 0;
			defaultConfigurationName = Release;
		};
		1591D28A29109E970001811D /* Build configuration list for PBXNativeTarget "MonsterMaker" */ = {
			isa = XCConfigurationList;
			buildConfigurations = (
				1591D28B29109E970001811D /* Debug */,
				1591D28C29109E970001811D /* Release */,
			);
			defaultConfigurationIsVisible = 0;
			defaultConfigurationName = Release;
		};
/* End XCConfigurationList section */
	};
	rootObject = 1591D27329109E960001811D /* Project object */;
}
